
Microsoft Visual Studio Solution File, Format Version 12.00
# Visual Studio Version 16
VisualStudioVersion = 16.0.30907.101
MinimumVisualStudioVersion = 10.0.40219.1
Project("{FAE04EC0-301F-11D3-BF4B-00C04F79EFBC}") = "NetCoreSmidge.Web", "NetCoreSmidge\NetCoreSmidge.Web.csproj", "{6AED5093-96B9-46EA-A0A0-0F0493037FD8}"
EndProject
Global
	GlobalSection(SolutionConfigurationPlatforms) = preSolution
		Debug|Any CPU = Debug|Any CPU
		Release|Any CPU = Release|Any CPU
	EndGlobalSection
	GlobalSection(ProjectConfigurationPlatforms) = postSolution
		{6AED5093-96B9-46EA-A0A0-0F0493037FD8}.Debug|Any CPU.ActiveCfg = Debug|Any CPU
		{6AED5093-96B9-46EA-A0A0-0F0493037FD8}.Debug|Any CPU.Build.0 = Debug|Any CPU
		{6AED5093-96B9-46EA-A0A0-0F0493037FD8}.Release|Any CPU.ActiveCfg = Release|Any CPU
		{6AED5093-96B9-46EA-A0A0-0F0493037FD8}.Release|Any CPU.Build.0 = Release|Any CPU
	EndGlobalSection
	GlobalSection(SolutionProperties) = preSolution
		HideSolutionNode = FALSE
	EndGlobalSection
	GlobalSection(ExtensibilityGlobals) = postSolution
		SolutionGuid = {797F095E-AC1E-4F98-A859-4A3CB9FCAB8C}
	EndGlobalSection
EndGlobal
